<?xml version="1.0" encoding="utf-8"?>
<Project ToolsVersion="4.0" xmlns="http://schemas.microsoft.com/developer/msbuild/2003">
  <ItemGroup>
    <Filter Include="소스 파일">
      <UniqueIdentifier>{4FC737F1-C7A5-4376-A066-2A32D752A2FF}</UniqueIdentifier>
      <Extensions>cpp;c;cc;cxx;c++;cppm;ixx;def;odl;idl;hpj;bat;asm;asmx</Extensions>
    </Filter>
    <Filter Include="헤더 파일">
      <UniqueIdentifier>{93995380-89BD-4b04-88EB-625FBE52EBFB}</UniqueIdentifier>
      <Extensions>h;hh;hpp;hxx;h++;hm;inl;inc;ipp;xsd</Extensions>
    </Filter>
    <Filter Include="리소스 파일">
      <UniqueIdentifier>{67DA6AB6-F800-4c08-8B7A-83BB121AAD01}</UniqueIdentifier>
      <Extensions>rc;ico;cur;bmp;dlg;rc2;rct;bin;rgs;gif;jpg;jpeg;jpe;resx;tiff;tif;png;wav;mfcribbon-ms</Extensions>
    </Filter>
  </ItemGroup>
  <ItemGroup>
    <ClCompile Include="11654 아스키 코드.cpp">
      <Filter>소스 파일</Filter>
    </ClCompile>
    <ClCompile Include="1516 게임 개발.cpp">
      <Filter>소스 파일</Filter>
    </ClCompile>
    <ClCompile Include="1823 수확.cpp">
      <Filter>소스 파일</Filter>
    </ClCompile>
    <ClCompile Include="1874 스택 수열.cpp">
      <Filter>소스 파일</Filter>
    </ClCompile>
    <ClCompile Include="1920 수 찾기.cpp">
      <Filter>소스 파일</Filter>
    </ClCompile>
    <ClCompile Include="2250 트리의 높이와 너비.cpp">
      <Filter>소스 파일</Filter>
    </ClCompile>
    <ClCompile Include="2263 트리의 순회.cpp">
      <Filter>소스 파일</Filter>
    </ClCompile>
    <ClCompile Include="2805 나무 자르기.cpp">
      <Filter>소스 파일</Filter>
    </ClCompile>
    <ClCompile Include="5214 환승.cpp">
      <Filter>소스 파일</Filter>
    </ClCompile>
    <ClCompile Include="7568 덩치.cpp">
      <Filter>소스 파일</Filter>
    </ClCompile>
    <ClCompile Include="9012 괄호.cpp">
      <Filter>소스 파일</Filter>
    </ClCompile>
    <ClCompile Include="10026 적록색약.cpp">
      <Filter>소스 파일</Filter>
    </ClCompile>
    <ClCompile Include="10773 제로.cpp">
      <Filter>소스 파일</Filter>
    </ClCompile>
    <ClCompile Include="10845 큐.cpp">
      <Filter>소스 파일</Filter>
    </ClCompile>
    <ClCompile Include="11725 트리의 부모 찾기.cpp">
      <Filter>소스 파일</Filter>
    </ClCompile>
    <ClCompile Include="12869 뮤탈리스크.cpp">
      <Filter>소스 파일</Filter>
    </ClCompile>
    <ClCompile Include="15661 링크와 스타트.cpp">
      <Filter>소스 파일</Filter>
    </ClCompile>
    <ClCompile Include="16931 겉넓이 구하기.cpp">
      <Filter>소스 파일</Filter>
    </ClCompile>
    <ClCompile Include="17086 아기상어2.cpp">
      <Filter>소스 파일</Filter>
    </ClCompile>
    <ClCompile Include="24060 알고리즘 수업-병합 정렬1.cpp">
      <Filter>소스 파일</Filter>
    </ClCompile>
    <ClCompile Include="프로그레머스 시험.cpp">
      <Filter>소스 파일</Filter>
    </ClCompile>
    <ClCompile Include="2675 문자열 반복.cpp">
      <Filter>소스 파일</Filter>
    </ClCompile>
    <ClCompile Include="17837 새로운게임 2.cpp">
      <Filter>소스 파일</Filter>
    </ClCompile>
    <ClCompile Include="1654 랜선 자르기.cpp">
      <Filter>소스 파일</Filter>
    </ClCompile>
    <ClCompile Include="15684 사다리 조작.cpp">
      <Filter>소스 파일</Filter>
    </ClCompile>
    <ClCompile Include="10816 숫자카드2.cpp">
      <Filter>소스 파일</Filter>
    </ClCompile>
    <ClCompile Include="기본틀.cpp">
      <Filter>소스 파일</Filter>
    </ClCompile>
    <ClCompile Include="1253 좋다.cpp">
      <Filter>소스 파일</Filter>
    </ClCompile>
    <ClCompile Include="5430 AC.cpp">
      <Filter>소스 파일</Filter>
    </ClCompile>
    <ClCompile Include="1541 잃어버린 괄호.cpp">
      <Filter>소스 파일</Filter>
    </ClCompile>
    <ClCompile Include="1946 신입 사원.cpp">
      <Filter>소스 파일</Filter>
    </ClCompile>
    <ClCompile Include="11000 강의실 배정.cpp">
      <Filter>소스 파일</Filter>
    </ClCompile>
    <ClCompile Include="13975 파일 합치기 3.cpp">
      <Filter>소스 파일</Filter>
    </ClCompile>
    <ClCompile Include="1461 도서관.cpp">
      <Filter>소스 파일</Filter>
    </ClCompile>
    <ClCompile Include="11660  구간합 구하기.cpp">
      <Filter>소스 파일</Filter>
    </ClCompile>
    <ClCompile Include="9251 LCS.cpp">
      <Filter>소스 파일</Filter>
    </ClCompile>
    <ClCompile Include="2631 줄 세우기.cpp">
      <Filter>소스 파일</Filter>
    </ClCompile>
    <ClCompile Include="12865 평범한 배낭.cpp">
      <Filter>소스 파일</Filter>
    </ClCompile>
    <ClCompile Include="2565 전깃줄.cpp">
      <Filter>소스 파일</Filter>
    </ClCompile>
    <ClCompile Include="2573 빙산.cpp">
      <Filter>소스 파일</Filter>
    </ClCompile>
    <ClCompile Include="1068 트리.cpp">
      <Filter>소스 파일</Filter>
    </ClCompile>
    <ClCompile Include="2688 숫자 고르기.cpp">
      <Filter>소스 파일</Filter>
    </ClCompile>
    <ClCompile Include="17471 게리맨더링.cpp">
      <Filter>소스 파일</Filter>
    </ClCompile>
    <ClCompile Include="18290 NM과 K.cpp">
      <Filter>소스 파일</Filter>
    </ClCompile>
    <ClCompile Include="1038 감소하는 수.cpp">
      <Filter>소스 파일</Filter>
    </ClCompile>
    <ClCompile Include="1254 팰린드롬 만들기.cpp">
      <Filter>소스 파일</Filter>
    </ClCompile>
    <ClCompile Include="17609 회문.cpp">
      <Filter>소스 파일</Filter>
    </ClCompile>
  </ItemGroup>
</Project>